
Microsoft Visual Studio Solution File, Format Version 12.00
# Visual Studio Version 17
VisualStudioVersion = 17.10.35013.160
MinimumVisualStudioVersion = 10.0.40219.1
Project("{9A19103F-16F7-4668-BE54-9A1E7A4F7556}") = "E-Commerce_Backend", "E-Commerce Backend\E-Commerce_Backend.csproj", "{378F399B-9D27-4F90-978E-6FCB6B07B94A}"
EndProject
Global
	GlobalSection(SolutionConfigurationPlatforms) = preSolution
		Debug|Any CPU = Debug|Any CPU
		Release|Any CPU = Release|Any CPU
	EndGlobalSection
	GlobalSection(ProjectConfigurationPlatforms) = postSolution
		{378F399B-9D27-4F90-978E-6FCB6B07B94A}.Debug|Any CPU.ActiveCfg = Debug|Any CPU
		{378F399B-9D27-4F90-978E-6FCB6B07B94A}.Debug|Any CPU.Build.0 = Debug|Any CPU
		{378F399B-9D27-4F90-978E-6FCB6B07B94A}.Release|Any CPU.ActiveCfg = Release|Any CPU
		{378F399B-9D27-4F90-978E-6FCB6B07B94A}.Release|Any CPU.Build.0 = Release|Any CPU
	EndGlobalSection
	GlobalSection(SolutionProperties) = preSolution
		HideSolutionNode = FALSE
	EndGlobalSection
	GlobalSection(ExtensibilityGlobals) = postSolution
		SolutionGuid = {41494947-F25F-4ACF-80E2-CB4F3B282B52}
	EndGlobalSection
EndGlobal
